// !$*UTF8*$!
{
	archiveVersion = 1;
	classes = {
	};
	objectVersion = 56;
	objects = {

/* Begin PBXBuildFile section */
		54A904592934097F00CAE91B /* AppDelegate.swift in Sources */ = {isa = PBXBuildFile; fileRef = 54A904582934097F00CAE91B /* AppDelegate.swift */; };
		54A9045B2934097F00CAE91B /* SceneDelegate.swift in Sources */ = {isa = PBXBuildFile; fileRef = 54A9045A2934097F00CAE91B /* SceneDelegate.swift */; };
		54A9045D2934097F00CAE91B /* TodoListViewController.swift in Sources */ = {isa = PBXBuildFile; fileRef = 54A9045C2934097F00CAE91B /* TodoListViewController.swift */; };
		54A904602934097F00CAE91B /* Main.storyboard in Resources */ = {isa = PBXBuildFile; fileRef = 54A9045E2934097F00CAE91B /* Main.storyboard */; };
		54A904622934098100CAE91B /* Assets.xcassets in Resources */ = {isa = PBXBuildFile; fileRef = 54A904612934098100CAE91B /* Assets.xcassets */; };
		54A904652934098100CAE91B /* LaunchScreen.storyboard in Resources */ = {isa = PBXBuildFile; fileRef = 54A904632934098100CAE91B /* LaunchScreen.storyboard */; };
		54A9046F29340A1100CAE91B /* TodoStore.swift in Sources */ = {isa = PBXBuildFile; fileRef = 54A9046E29340A1100CAE91B /* TodoStore.swift */; };
		54A9047229340A5A00CAE91B /* TodoItem.swift in Sources */ = {isa = PBXBuildFile; fileRef = 54A9047129340A5A00CAE91B /* TodoItem.swift */; };
		54A9047729340BDA00CAE91B /* TodoListViewProtocol.swift in Sources */ = {isa = PBXBuildFile; fileRef = 54A9047629340BDA00CAE91B /* TodoListViewProtocol.swift */; };
/* End PBXBuildFile section */

/* Begin PBXFileReference section */
		54A904552934097F00CAE91B /* Viper TestRO.app */ = {isa = PBXFileReference; explicitFileType = wrapper.application; includeInIndex = 0; path = "Viper TestRO.app"; sourceTree = BUILT_PRODUCTS_DIR; };
		54A904582934097F00CAE91B /* AppDelegate.swift */ = {isa = PBXFileReference; lastKnownFileType = sourcecode.swift; path = AppDelegate.swift; sourceTree = "<group>"; };
		54A9045A2934097F00CAE91B /* SceneDelegate.swift */ = {isa = PBXFileReference; lastKnownFileType = sourcecode.swift; path = SceneDelegate.swift; sourceTree = "<group>"; };
		54A9045C2934097F00CAE91B /* TodoListViewController.swift */ = {isa = PBXFileReference; lastKnownFileType = sourcecode.swift; path = TodoListViewController.swift; sourceTree = "<group>"; };
		54A9045F2934097F00CAE91B /* Base */ = {isa = PBXFileReference; lastKnownFileType = file.storyboard; name = Base; path = Base.lproj/Main.storyboard; sourceTree = "<group>"; };
		54A904612934098100CAE91B /* Assets.xcassets */ = {isa = PBXFileReference; lastKnownFileType = folder.assetcatalog; path = Assets.xcassets; sourceTree = "<group>"; };
		54A904642934098100CAE91B /* Base */ = {isa = PBXFileReference; lastKnownFileType = file.storyboard; name = Base; path = Base.lproj/LaunchScreen.storyboard; sourceTree = "<group>"; };
		54A904662934098100CAE91B /* Info.plist */ = {isa = PBXFileReference; lastKnownFileType = text.plist.xml; path = Info.plist; sourceTree = "<group>"; };
		54A9046E29340A1100CAE91B /* TodoStore.swift */ = {isa = PBXFileReference; lastKnownFileType = sourcecode.swift; path = TodoStore.swift; sourceTree = "<group>"; };
		54A9047129340A5A00CAE91B /* TodoItem.swift */ = {isa = PBXFileReference; lastKnownFileType = sourcecode.swift; path = TodoItem.swift; sourceTree = "<group>"; };
		54A9047629340BDA00CAE91B /* TodoListViewProtocol.swift */ = {isa = PBXFileReference; lastKnownFileType = sourcecode.swift; path = TodoListViewProtocol.swift; sourceTree = "<group>"; };
/* End PBXFileReference section */

/* Begin PBXFrameworksBuildPhase section */
		54A904522934097F00CAE91B /* Frameworks */ = {
			isa = PBXFrameworksBuildPhase;
			buildActionMask = 2147483647;
			files = (
			);
			runOnlyForDeploymentPostprocessing = 0;
		};
/* End PBXFrameworksBuildPhase section */

/* Begin PBXGroup section */
		54A9044C2934097F00CAE91B = {
			isa = PBXGroup;
			children = (
				54A904572934097F00CAE91B /* Viper TestRO */,
				54A904562934097F00CAE91B /* Products */,
			);
			sourceTree = "<group>";
		};
		54A904562934097F00CAE91B /* Products */ = {
			isa = PBXGroup;
			children = (
				54A904552934097F00CAE91B /* Viper TestRO.app */,
			);
			name = Products;
			sourceTree = "<group>";
		};
		54A904572934097F00CAE91B /* Viper TestRO */ = {
			isa = PBXGroup;
			children = (
				54A9047429340B6E00CAE91B /* TodoListModule */,
				54A9047529340B9F00CAE91B /* Storyboards */,
				54A9047329340B6000CAE91B /* Resources */,
				54A9046D293409DC00CAE91B /* App */,
				54A9046C293409CB00CAE91B /* Entities */,
			);
			path = "Viper TestRO";
			sourceTree = "<group>";
		};
		54A9046C293409CB00CAE91B /* Entities */ = {
			isa = PBXGroup;
			children = (
				54A9047129340A5A00CAE91B /* TodoItem.swift */,
				54A9046E29340A1100CAE91B /* TodoStore.swift */,
			);
			path = Entities;
			sourceTree = "<group>";
		};
		54A9046D293409DC00CAE91B /* App */ = {
			isa = PBXGroup;
			children = (
				54A904582934097F00CAE91B /* AppDelegate.swift */,
				54A9045A2934097F00CAE91B /* SceneDelegate.swift */,
				54A904662934098100CAE91B /* Info.plist */,
			);
			path = App;
			sourceTree = "<group>";
		};
		54A9047329340B6000CAE91B /* Resources */ = {
			isa = PBXGroup;
			children = (
				54A904612934098100CAE91B /* Assets.xcassets */,
			);
			path = Resources;
			sourceTree = "<group>";
		};
		54A9047429340B6E00CAE91B /* TodoListModule */ = {
			isa = PBXGroup;
			children = (
				54A904792934118500CAE91B /* View */,
				54A904782934117A00CAE91B /* Protocols */,
			);
			name = TodoListModule;
			sourceTree = "<group>";
		};
		54A9047529340B9F00CAE91B /* Storyboards */ = {
			isa = PBXGroup;
			children = (
				54A9045E2934097F00CAE91B /* Main.storyboard */,
				54A904632934098100CAE91B /* LaunchScreen.storyboard */,
			);
			path = Storyboards;
			sourceTree = "<group>";
		};
		54A904782934117A00CAE91B /* Protocols */ = {
			isa = PBXGroup;
			children = (
				54A9047629340BDA00CAE91B /* TodoListViewProtocol.swift */,
			);
			path = Protocols;
			sourceTree = "<group>";
		};
		54A904792934118500CAE91B /* View */ = {
			isa = PBXGroup;
			children = (
				54A9045C2934097F00CAE91B /* TodoListViewController.swift */,
			);
			path = View;
			sourceTree = "<group>";
		};
/* End PBXGroup section */

/* Begin PBXNativeTarget section */
		54A904542934097F00CAE91B /* Viper TestRO */ = {
			isa = PBXNativeTarget;
			buildConfigurationList = 54A904692934098100CAE91B /* Build configuration list for PBXNativeTarget "Viper TestRO" */;
			buildPhases = (
				54A904512934097F00CAE91B /* Sources */,
				54A904522934097F00CAE91B /* Frameworks */,
				54A904532934097F00CAE91B /* Resources */,
			);
			buildRules = (
			);
			dependencies = (
			);
			name = "Viper TestRO";
			productName = "Viper TestRO";
			productReference = 54A904552934097F00CAE91B /* Viper TestRO.app */;
			productType = "com.apple.product-type.application";
		};
/* End PBXNativeTarget section */

/* Begin PBXProject section */
		54A9044D2934097F00CAE91B /* Project object */ = {
			isa = PBXProject;
			attributes = {
				BuildIndependentTargetsInParallel = 1;
				LastSwiftUpdateCheck = 1410;
				LastUpgradeCheck = 1410;
				TargetAttributes = {
					54A904542934097F00CAE91B = {
						CreatedOnToolsVersion = 14.1;
					};
				};
			};
			buildConfigurationList = 54A904502934097F00CAE91B /* Build configuration list for PBXProject "Viper TestRO" */;
			compatibilityVersion = "Xcode 14.0";
			developmentRegion = en;
			hasScannedForEncodings = 0;
			knownRegions = (
				en,
				Base,
			);
			mainGroup = 54A9044C2934097F00CAE91B;
			productRefGroup = 54A904562934097F00CAE91B /* Products */;
			projectDirPath = "";
			projectRoot = "";
			targets = (
				54A904542934097F00CAE91B /* Viper TestRO */,
			);
		};
/* End PBXProject section */

/* Begin PBXResourcesBuildPhase section */
		54A904532934097F00CAE91B /* Resources */ = {
			isa = PBXResourcesBuildPhase;
			buildActionMask = 2147483647;
			files = (
				54A904652934098100CAE91B /* LaunchScreen.storyboard in Resources */,
				54A904622934098100CAE91B /* Assets.xcassets in Resources */,
				54A904602934097F00CAE91B /* Main.storyboard in Resources */,
			);
			runOnlyForDeploymentPostprocessing = 0;
		};
/* End PBXResourcesBuildPhase section */

/* Begin PBXSourcesBuildPhase section */
		54A904512934097F00CAE91B /* Sources */ = {
			isa = PBXSourcesBuildPhase;
			buildActionMask = 2147483647;
			files = (
				54A9047729340BDA00CAE91B /* TodoListViewProtocol.swift in Sources */,
				54A9047229340A5A00CAE91B /* TodoItem.swift in Sources */,
				54A9045D2934097F00CAE91B /* TodoListViewController.swift in Sources */,
				54A9046F29340A1100CAE91B /* TodoStore.swift in Sources */,
				54A904592934097F00CAE91B /* AppDelegate.swift in Sources */,
				54A9045B2934097F00CAE91B /* SceneDelegate.swift in Sources */,
			);
			runOnlyForDeploymentPostprocessing = 0;
		};
/* End PBXSourcesBuildPhase section */

/* Begin PBXVariantGroup section */
		54A9045E2934097F00CAE91B /* Main.storyboard */ = {
			isa = PBXVariantGroup;
			children = (
				54A9045F2934097F00CAE91B /* Base */,
			);
			name = Main.storyboard;
			sourceTree = "<group>";
		};
		54A904632934098100CAE91B /* LaunchScreen.storyboard */ = {
			isa = PBXVariantGroup;
			children = (
				54A904642934098100CAE91B /* Base */,
			);
			name = LaunchScreen.storyboard;
			sourceTree = "<group>";
		};
/* End PBXVariantGroup section */

/* Begin XCBuildConfiguration section */
		54A904672934098100CAE91B /* Debug */ = {
			isa = XCBuildConfiguration;
			buildSettings = {
				ALWAYS_SEARCH_USER_PATHS = NO;
				CLANG_ANALYZER_NONNULL = YES;
				CLANG_ANALYZER_NUMBER_OBJECT_CONVERSION = YES_AGGRESSIVE;
				CLANG_CXX_LANGUAGE_STANDARD = "gnu++20";
				CLANG_ENABLE_MODULES = YES;
				CLANG_ENABLE_OBJC_ARC = YES;
				CLANG_ENABLE_OBJC_WEAK = YES;
				CLANG_WARN_BLOCK_CAPTURE_AUTORELEASING = YES;
				CLANG_WARN_BOOL_CONVERSION = YES;
				CLANG_WARN_COMMA = YES;
				CLANG_WARN_CONSTANT_CONVERSION = YES;
				CLANG_WARN_DEPRECATED_OBJC_IMPLEMENTATIONS = YES;
				CLANG_WARN_DIRECT_OBJC_ISA_USAGE = YES_ERROR;
				CLANG_WARN_DOCUMENTATION_COMMENTS = YES;
				CLANG_WARN_EMPTY_BODY = YES;
				CLANG_WARN_ENUM_CONVERSION = YES;
				CLANG_WARN_INFINITE_RECURSION = YES;
				CLANG_WARN_INT_CONVERSION = YES;
				CLANG_WARN_NON_LITERAL_NULL_CONVERSION = YES;
				CLANG_WARN_OBJC_IMPLICIT_RETAIN_SELF = YES;
				CLANG_WARN_OBJC_LITERAL_CONVERSION = YES;
				CLANG_WARN_OBJC_ROOT_CLASS = YES_ERROR;
				CLANG_WARN_QUOTED_INCLUDE_IN_FRAMEWORK_HEADER = YES;
				CLANG_WARN_RANGE_LOOP_ANALYSIS = YES;
				CLANG_WARN_STRICT_PROTOTYPES = YES;
				CLANG_WARN_SUSPICIOUS_MOVE = YES;
				CLANG_WARN_UNGUARDED_AVAILABILITY = YES_AGGRESSIVE;
				CLANG_WARN_UNREACHABLE_CODE = YES;
				CLANG_WARN__DUPLICATE_METHOD_MATCH = YES;
				COPY_PHASE_STRIP = NO;
				DEBUG_INFORMATION_FORMAT = dwarf;
				ENABLE_STRICT_OBJC_MSGSEND = YES;
				ENABLE_TESTABILITY = YES;
				GCC_C_LANGUAGE_STANDARD = gnu11;
				GCC_DYNAMIC_NO_PIC = NO;
				GCC_NO_COMMON_BLOCKS = YES;
				GCC_OPTIMIZATION_LEVEL = 0;
				GCC_PREPROCESSOR_DEFINITIONS = (
					"DEBUG=1",
					"$(inherited)",
				);
				GCC_WARN_64_TO_32_BIT_CONVERSION = YES;
				GCC_WARN_ABOUT_RETURN_TYPE = YES_ERROR;
				GCC_WARN_UNDECLARED_SELECTOR = YES;
				GCC_WARN_UNINITIALIZED_AUTOS = YES_AGGRESSIVE;
				GCC_WARN_UNUSED_FUNCTION = YES;
				GCC_WARN_UNUSED_VARIABLE = YES;
				IPHONEOS_DEPLOYMENT_TARGET = 16.1;
				MTL_ENABLE_DEBUG_INFO = INCLUDE_SOURCE;
				MTL_FAST_MATH = YES;
				ONLY_ACTIVE_ARCH = YES;
				SDKROOT = iphoneos;
				SWIFT_ACTIVE_COMPILATION_CONDITIONS = DEBUG;
				SWIFT_OPTIMIZATION_LEVEL = "-Onone";
			};
			name = Debug;
		};
		54A904682934098100CAE91B /* Release */ = {
			isa = XCBuildConfiguration;
			buildSettings = {
				ALWAYS_SEARCH_USER_PATHS = NO;
				CLANG_ANALYZER_NONNULL = YES;
				CLANG_ANALYZER_NUMBER_OBJECT_CONVERSION = YES_AGGRESSIVE;
				CLANG_CXX_LANGUAGE_STANDARD = "gnu++20";
				CLANG_ENABLE_MODULES = YES;
				CLANG_ENABLE_OBJC_ARC = YES;
				CLANG_ENABLE_OBJC_WEAK = YES;
				CLANG_WARN_BLOCK_CAPTURE_AUTORELEASING = YES;
				CLANG_WARN_BOOL_CONVERSION = YES;
				CLANG_WARN_COMMA = YES;
				CLANG_WARN_CONSTANT_CONVERSION = YES;
				CLANG_WARN_DEPRECATED_OBJC_IMPLEMENTATIONS = YES;
				CLANG_WARN_DIRECT_OBJC_ISA_USAGE = YES_ERROR;
				CLANG_WARN_DOCUMENTATION_COMMENTS = YES;
				CLANG_WARN_EMPTY_BODY = YES;
				CLANG_WARN_ENUM_CONVERSION = YES;
				CLANG_WARN_INFINITE_RECURSION = YES;
				CLANG_WARN_INT_CONVERSION = YES;
				CLANG_WARN_NON_LITERAL_NULL_CONVERSION = YES;
				CLANG_WARN_OBJC_IMPLICIT_RETAIN_SELF = YES;
				CLANG_WARN_OBJC_LITERAL_CONVERSION = YES;
				CLANG_WARN_OBJC_ROOT_CLASS = YES_ERROR;
				CLANG_WARN_QUOTED_INCLUDE_IN_FRAMEWORK_HEADER = YES;
				CLANG_WARN_RANGE_LOOP_ANALYSIS = YES;
				CLANG_WARN_STRICT_PROTOTYPES = YES;
				CLANG_WARN_SUSPICIOUS_MOVE = YES;
				CLANG_WARN_UNGUARDED_AVAILABILITY = YES_AGGRESSIVE;
				CLANG_WARN_UNREACHABLE_CODE = YES;
				CLANG_WARN__DUPLICATE_METHOD_MATCH = YES;
				COPY_PHASE_STRIP = NO;
				DEBUG_INFORMATION_FORMAT = "dwarf-with-dsym";
				ENABLE_NS_ASSERTIONS = NO;
				ENABLE_STRICT_OBJC_MSGSEND = YES;
				GCC_C_LANGUAGE_STANDARD = gnu11;
				GCC_NO_COMMON_BLOCKS = YES;
				GCC_WARN_64_TO_32_BIT_CONVERSION = YES;
				GCC_WARN_ABOUT_RETURN_TYPE = YES_ERROR;
				GCC_WARN_UNDECLARED_SELECTOR = YES;
				GCC_WARN_UNINITIALIZED_AUTOS = YES_AGGRESSIVE;
				GCC_WARN_UNUSED_FUNCTION = YES;
				GCC_WARN_UNUSED_VARIABLE = YES;
				IPHONEOS_DEPLOYMENT_TARGET = 16.1;
				MTL_ENABLE_DEBUG_INFO = NO;
				MTL_FAST_MATH = YES;
				SDKROOT = iphoneos;
				SWIFT_COMPILATION_MODE = wholemodule;
				SWIFT_OPTIMIZATION_LEVEL = "-O";
				VALIDATE_PRODUCT = YES;
			};
			name = Release;
		};
		54A9046A2934098100CAE91B /* Debug */ = {
			isa = XCBuildConfiguration;
			buildSettings = {
				ASSETCATALOG_COMPILER_APPICON_NAME = AppIcon;
				ASSETCATALOG_COMPILER_GLOBAL_ACCENT_COLOR_NAME = AccentColor;
				CODE_SIGN_STYLE = Automatic;
				CURRENT_PROJECT_VERSION = 1;
				DEVELOPMENT_TEAM = 7JK7WBFZQ5;
				GENERATE_INFOPLIST_FILE = YES;
				INFOPLIST_FILE = "Viper TestRO/App/Info.plist";
				INFOPLIST_KEY_UIApplicationSupportsIndirectInputEvents = YES;
				INFOPLIST_KEY_UILaunchStoryboardName = LaunchScreen;
				INFOPLIST_KEY_UIMainStoryboardFile = Main;
				INFOPLIST_KEY_UISupportedInterfaceOrientations = "UIInterfaceOrientationPortrait UIInterfaceOrientationPortraitUpsideDown";
				INFOPLIST_KEY_UISupportedInterfaceOrientations_iPad = "UIInterfaceOrientationLandscapeLeft UIInterfaceOrientationLandscapeRight UIInterfaceOrientationPortrait UIInterfaceOrientationPortraitUpsideDown";
				IPHONEOS_DEPLOYMENT_TARGET = 13.0;
				LD_RUNPATH_SEARCH_PATHS = (
					"$(inherited)",
					"@executable_path/Frameworks",
				);
				MARKETING_VERSION = 1.0;
				PRODUCT_BUNDLE_IDENTIFIER = "S.D.Viper-TestRO";
				PRODUCT_NAME = "$(TARGET_NAME)";
				SUPPORTED_PLATFORMS = "iphoneos iphonesimulator";
				SUPPORTS_MACCATALYST = NO;
				SUPPORTS_MAC_DESIGNED_FOR_IPHONE_IPAD = NO;
				SWIFT_EMIT_LOC_STRINGS = YES;
				SWIFT_VERSION = 5.0;
				TARGETED_DEVICE_FAMILY = 1;
			};
			name = Debug;
		};
		54A9046B2934098100CAE91B /* Release */ = {
			isa = XCBuildConfiguration;
			buildSettings = {
				ASSETCATALOG_COMPILER_APPICON_NAME = AppIcon;
				ASSETCATALOG_COMPILER_GLOBAL_ACCENT_COLOR_NAME = AccentColor;
				CODE_SIGN_STYLE = Automatic;
				CURRENT_PROJECT_VERSION = 1;
				DEVELOPMENT_TEAM = 7JK7WBFZQ5;
				GENERATE_INFOPLIST_FILE = YES;
				INFOPLIST_FILE = "Viper TestRO/App/Info.plist";
				INFOPLIST_KEY_UIApplicationSupportsIndirectInputEvents = YES;
				INFOPLIST_KEY_UILaunchStoryboardName = LaunchScreen;
				INFOPLIST_KEY_UIMainStoryboardFile = Main;
				INFOPLIST_KEY_UISupportedInterfaceOrientations = "UIInterfaceOrientationPortrait UIInterfaceOrientationPortraitUpsideDown";
				INFOPLIST_KEY_UISupportedInterfaceOrientations_iPad = "UIInterfaceOrientationLandscapeLeft UIInterfaceOrientationLandscapeRight UIInterfaceOrientationPortrait UIInterfaceOrientationPortraitUpsideDown";
				IPHONEOS_DEPLOYMENT_TARGET = 13.0;
				LD_RUNPATH_SEARCH_PATHS = (
					"$(inherited)",
					"@executable_path/Frameworks",
				);
				MARKETING_VERSION = 1.0;
				PRODUCT_BUNDLE_IDENTIFIER = "S.D.Viper-TestRO";
				PRODUCT_NAME = "$(TARGET_NAME)";
				SUPPORTED_PLATFORMS = "iphoneos iphonesimulator";
				SUPPORTS_MACCATALYST = NO;
				SUPPORTS_MAC_DESIGNED_FOR_IPHONE_IPAD = NO;
				SWIFT_EMIT_LOC_STRINGS = YES;
				SWIFT_VERSION = 5.0;
				TARGETED_DEVICE_FAMILY = 1;
			};
			name = Release;
		};
/* End XCBuildConfiguration section */

/* Begin XCConfigurationList section */
		54A904502934097F00CAE91B /* Build configuration list for PBXProject "Viper TestRO" */ = {
			isa = XCConfigurationList;
			buildConfigurations = (
				54A904672934098100CAE91B /* Debug */,
				54A904682934098100CAE91B /* Release */,
			);
			defaultConfigurationIsVisible = 0;
			defaultConfigurationName = Release;
		};
		54A904692934098100CAE91B /* Build configuration list for PBXNativeTarget "Viper TestRO" */ = {
			isa = XCConfigurationList;
			buildConfigurations = (
				54A9046A2934098100CAE91B /* Debug */,
				54A9046B2934098100CAE91B /* Release */,
			);
			defaultConfigurationIsVisible = 0;
			defaultConfigurationName = Release;
		};
/* End XCConfigurationList section */
	};
	rootObject = 54A9044D2934097F00CAE91B /* Project object */;
}
